
Microsoft Visual Studio Solution File, Format Version 12.00
# Visual Studio Version 17
VisualStudioVersion = 17.9.34728.123
MinimumVisualStudioVersion = 10.0.40219.1
Project("{9A19103F-16F7-4668-BE54-9A1E7A4F7556}") = "DesafioProjetoHospedagem", "DesafioProjetoHospedagem.csproj", "{DCF6112D-FC78-42DE-9C4F-67BAA06F0250}"
EndProject
Project("{FAE04EC0-301F-11D3-BF4B-00C04F79EFBC}") = "DesafioProjetoHospedagem.Tests", "..\DesafioProjetoHospedagem.Tests\DesafioProjetoHospedagem.Tests.csproj", "{06AB46C4-60A1-43AD-8986-735D72C55C0A}"
EndProject
Global
	GlobalSection(SolutionConfigurationPlatforms) = preSolution
		Debug|Any CPU = Debug|Any CPU
		Release|Any CPU = Release|Any CPU
	EndGlobalSection
	GlobalSection(ProjectConfigurationPlatforms) = postSolution
		{DCF6112D-FC78-42DE-9C4F-67BAA06F0250}.Debug|Any CPU.ActiveCfg = Debug|Any CPU
		{DCF6112D-FC78-42DE-9C4F-67BAA06F0250}.Debug|Any CPU.Build.0 = Debug|Any CPU
		{DCF6112D-FC78-42DE-9C4F-67BAA06F0250}.Release|Any CPU.ActiveCfg = Release|Any CPU
		{DCF6112D-FC78-42DE-9C4F-67BAA06F0250}.Release|Any CPU.Build.0 = Release|Any CPU
		{06AB46C4-60A1-43AD-8986-735D72C55C0A}.Debug|Any CPU.ActiveCfg = Debug|Any CPU
		{06AB46C4-60A1-43AD-8986-735D72C55C0A}.Debug|Any CPU.Build.0 = Debug|Any CPU
		{06AB46C4-60A1-43AD-8986-735D72C55C0A}.Release|Any CPU.ActiveCfg = Release|Any CPU
		{06AB46C4-60A1-43AD-8986-735D72C55C0A}.Release|Any CPU.Build.0 = Release|Any CPU
	EndGlobalSection
	GlobalSection(SolutionProperties) = preSolution
		HideSolutionNode = FALSE
	EndGlobalSection
	GlobalSection(ExtensibilityGlobals) = postSolution
		SolutionGuid = {F1CCBE74-1B49-472F-9E6E-98E18E152CF3}
	EndGlobalSection
EndGlobal
